
Microsoft Visual Studio Solution File, Format Version 12.00
# Visual Studio Version 16
VisualStudioVersion = 16.0.30413.136
MinimumVisualStudioVersion = 10.0.40219.1
Project("{9A19103F-16F7-4668-BE54-9A1E7A4F7556}") = "SalesMvc", "SalesMvc\SalesMvc.csproj", "{39915E2B-3E25-48B1-B67E-4766F3076BCF}"
EndProject
Global
	GlobalSection(SolutionConfigurationPlatforms) = preSolution
		Debug|Any CPU = Debug|Any CPU
		Release|Any CPU = Release|Any CPU
	EndGlobalSection
	GlobalSection(ProjectConfigurationPlatforms) = postSolution
		{39915E2B-3E25-48B1-B67E-4766F3076BCF}.Debug|Any CPU.ActiveCfg = Debug|Any CPU
		{39915E2B-3E25-48B1-B67E-4766F3076BCF}.Debug|Any CPU.Build.0 = Debug|Any CPU
		{39915E2B-3E25-48B1-B67E-4766F3076BCF}.Release|Any CPU.ActiveCfg = Release|Any CPU
		{39915E2B-3E25-48B1-B67E-4766F3076BCF}.Release|Any CPU.Build.0 = Release|Any CPU
	EndGlobalSection
	GlobalSection(SolutionProperties) = preSolution
		HideSolutionNode = FALSE
	EndGlobalSection
	GlobalSection(ExtensibilityGlobals) = postSolution
		SolutionGuid = {D607949C-0A12-4CFD-87D5-26C4CC927598}
	EndGlobalSection
EndGlobal
